# THIS IS AN AUTOGENERATED FILE. DO NOT EDIT THIS FILE DIRECTLY.
# yarn lockfile v1


coc-json@^1.2.2:
  version "1.2.2"
  resolved "https://registry.yarnpkg.com/coc-json/-/coc-json-1.2.2.tgz#f499f583a4831e1a362d8c37e547245605ccd32e"
  integrity sha512-H3Xk1D4Y40VMkwM4UDjedFMelRZWGzEBuU4r2iYE07gepYPVGzqzTlqCSWqOLeH4CXY52gF/QkWrOn7AY6CFaw==

coc-solargraph@^1.1.2:
  version "1.1.2"
  resolved "https://registry.yarnpkg.com/coc-solargraph/-/coc-solargraph-1.1.2.tgz#8ca580495de63d3157c260f642a37f4d3fd37c50"
  integrity sha512-Cmh5zrp7paE+rIR8ogHDJBsPjzpB0yg0RfZT195WVwsV2leCkVvrCIhNTXUi9CV2XKOkIkXAONZ7EbAsySCHdg==

coc-tsserver@^1.3.9:
  version "1.3.9"
  resolved "https://registry.yarnpkg.com/coc-tsserver/-/coc-tsserver-1.3.9.tgz#1f1e8fb8a69c771a53df20ceee6d9cb335232efb"
  integrity sha512-ALLK4fyqWX+3tEp6rgF9w8ie0XfnsqZufEOUvj1PiLAdNLF9q84TeQJu2A6Dwt9+DNORuvaw4aSQM9JZqTEsbA==
  dependencies:
    typescript "3.5.1"

coc-yank@^1.0.4:
  version "1.0.4"
  resolved "https://registry.yarnpkg.com/coc-yank/-/coc-yank-1.0.4.tgz#f8b9413bd26821f0f6205e4ee7e80e5e5871a8c1"
  integrity sha512-iTLYhknTDJ9dm5ncAdIbtDIEA4l18MWvuDaEAU29zG4bYeTJUxLDtrUK/6rledQB0EkCKygPjn7vC0V8CxVn+w==

typescript@3.5.1:
  version "3.5.1"
  resolved "https://registry.yarnpkg.com/typescript/-/typescript-3.5.1.tgz#ba72a6a600b2158139c5dd8850f700e231464202"
  integrity sha512-64HkdiRv1yYZsSe4xC1WVgamNigVYjlssIoaH2HcZF0+ijsk5YK2g0G34w9wJkze8+5ow4STd22AynfO6ZYYLw==
